
Microsoft Visual Studio Solution File, Format Version 12.00
# Visual Studio 14
VisualStudioVersion = 14.0.24720.0
MinimumVisualStudioVersion = 10.0.40219.1
Project("{FAE04EC0-301F-11D3-BF4B-00C04F79EFBC}") = "FlashPoker_V2", "FlashPoker_V2\FlashPoker_V2.csproj", "{221F969E-2317-410E-8452-2F613CB2D493}"
EndProject
Global
	GlobalSection(SolutionConfigurationPlatforms) = preSolution
		Debug|Any CPU = Debug|Any CPU
		Release|Any CPU = Release|Any CPU
	EndGlobalSection
	GlobalSection(ProjectConfigurationPlatforms) = postSolution
		{221F969E-2317-410E-8452-2F613CB2D493}.Debug|Any CPU.ActiveCfg = Debug|Any CPU
		{221F969E-2317-410E-8452-2F613CB2D493}.Debug|Any CPU.Build.0 = Debug|Any CPU
		{221F969E-2317-410E-8452-2F613CB2D493}.Release|Any CPU.ActiveCfg = Release|Any CPU
		{221F969E-2317-410E-8452-2F613CB2D493}.Release|Any CPU.Build.0 = Release|Any CPU
	EndGlobalSection
	GlobalSection(SolutionProperties) = preSolution
		HideSolutionNode = FALSE
	EndGlobalSection
EndGlobal
